// !$*UTF8*$!
{
	archiveVersion = 1;
	classes = {
	};
	objectVersion = 50;
	objects = {

/* Begin PBXBuildFile section */
		193974CE22FFF92600F3A04D /* TwitterCloneTests.swift in Sources */ = {isa = PBXBuildFile; fileRef = 193974CD22FFF92600F3A04D /* TwitterCloneTests.swift */; };
		193974DC22FFF92E00F3A04D /* TwitterCloneUITests.swift in Sources */ = {isa = PBXBuildFile; fileRef = 193974DB22FFF92E00F3A04D /* TwitterCloneUITests.swift */; };
		1949E41E2307F1CA004D73DD /* Tweet.swift in Sources */ = {isa = PBXBuildFile; fileRef = 1949E41D2307F1BE004D73DD /* Tweet.swift */; };
		1949E4222307F21B004D73DD /* UIColor+rgb.swift in Sources */ = {isa = PBXBuildFile; fileRef = 1949E4212307F215004D73DD /* UIColor+rgb.swift */; };
		1949E4252307F2EA004D73DD /* MenuViewController.swift in Sources */ = {isa = PBXBuildFile; fileRef = 1949E4242307F2EA004D73DD /* MenuViewController.swift */; };
		1961B2352307F15A00D265FB /* TweetCell.swift in Sources */ = {isa = PBXBuildFile; fileRef = 1961B2342307F15A00D265FB /* TweetCell.swift */; };
		1961B2372307F15C00D265FB /* TweetCellPresenter.swift in Sources */ = {isa = PBXBuildFile; fileRef = 1961B2362307F15C00D265FB /* TweetCellPresenter.swift */; };
		197DD3E722FF2EAD004EA607 /* AppDelegate.swift in Sources */ = {isa = PBXBuildFile; fileRef = 197DD3E622FF2EAD004EA607 /* AppDelegate.swift */; };
		197DD3EE22FF2EAF004EA607 /* Assets.xcassets in Resources */ = {isa = PBXBuildFile; fileRef = 197DD3ED22FF2EAF004EA607 /* Assets.xcassets */; };
		197DD3F122FF2EAF004EA607 /* LaunchScreen.storyboard in Resources */ = {isa = PBXBuildFile; fileRef = 197DD3EF22FF2EAF004EA607 /* LaunchScreen.storyboard */; };
		197DD3FB22FF2F18004EA607 /* README.md in Resources */ = {isa = PBXBuildFile; fileRef = 197DD3FA22FF2F18004EA607 /* README.md */; };
		197DD3FD22FF305C004EA607 /* MainViewController.swift in Sources */ = {isa = PBXBuildFile; fileRef = 197DD3FC22FF305C004EA607 /* MainViewController.swift */; };
		197DD3FF22FF3495004EA607 /* HomeViewController.swift in Sources */ = {isa = PBXBuildFile; fileRef = 197DD3FE22FF3495004EA607 /* HomeViewController.swift */; };
		197DD40122FF34FB004EA607 /* tweets.json in Resources */ = {isa = PBXBuildFile; fileRef = 197DD40022FF34FB004EA607 /* tweets.json */; };
/* End PBXBuildFile section */

/* Begin PBXContainerItemProxy section */
		193974D022FFF92600F3A04D /* PBXContainerItemProxy */ = {
			isa = PBXContainerItemProxy;
			containerPortal = 197DD3DB22FF2EAD004EA607 /* Project object */;
			proxyType = 1;
			remoteGlobalIDString = 197DD3E222FF2EAD004EA607;
			remoteInfo = TwitterClone;
		};
		193974DE22FFF92E00F3A04D /* PBXContainerItemProxy */ = {
			isa = PBXContainerItemProxy;
			containerPortal = 197DD3DB22FF2EAD004EA607 /* Project object */;
			proxyType = 1;
			remoteGlobalIDString = 197DD3E222FF2EAD004EA607;
			remoteInfo = TwitterClone;
		};
/* End PBXContainerItemProxy section */

/* Begin PBXFileReference section */
		193974CB22FFF92600F3A04D /* TwitterCloneTests.xctest */ = {isa = PBXFileReference; explicitFileType = wrapper.cfbundle; includeInIndex = 0; path = TwitterCloneTests.xctest; sourceTree = BUILT_PRODUCTS_DIR; };
		193974CD22FFF92600F3A04D /* TwitterCloneTests.swift */ = {isa = PBXFileReference; lastKnownFileType = sourcecode.swift; path = TwitterCloneTests.swift; sourceTree = "<group>"; };
		193974CF22FFF92600F3A04D /* Info.plist */ = {isa = PBXFileReference; lastKnownFileType = text.plist.xml; path = Info.plist; sourceTree = "<group>"; };
		193974D922FFF92E00F3A04D /* TwitterCloneUITests.xctest */ = {isa = PBXFileReference; explicitFileType = wrapper.cfbundle; includeInIndex = 0; path = TwitterCloneUITests.xctest; sourceTree = BUILT_PRODUCTS_DIR; };
		193974DB22FFF92E00F3A04D /* TwitterCloneUITests.swift */ = {isa = PBXFileReference; lastKnownFileType = sourcecode.swift; path = TwitterCloneUITests.swift; sourceTree = "<group>"; };
		193974DD22FFF92E00F3A04D /* Info.plist */ = {isa = PBXFileReference; lastKnownFileType = text.plist.xml; path = Info.plist; sourceTree = "<group>"; };
		1949E41D2307F1BE004D73DD /* Tweet.swift */ = {isa = PBXFileReference; lastKnownFileType = sourcecode.swift; path = Tweet.swift; sourceTree = "<group>"; };
		1949E4212307F215004D73DD /* UIColor+rgb.swift */ = {isa = PBXFileReference; lastKnownFileType = sourcecode.swift; path = "UIColor+rgb.swift"; sourceTree = "<group>"; };
		1949E4242307F2EA004D73DD /* MenuViewController.swift */ = {isa = PBXFileReference; lastKnownFileType = sourcecode.swift; name = MenuViewController.swift; path = "../../../../../../../../../System/Volumes/Data/Users/yossabourne/dev/projects/ios-projects/TwitterClone/TwitterClone/Scenes/Menu/MenuViewController.swift"; sourceTree = "<group>"; };
		1961B2342307F15A00D265FB /* TweetCell.swift */ = {isa = PBXFileReference; lastKnownFileType = sourcecode.swift; path = TweetCell.swift; sourceTree = "<group>"; };
		1961B2362307F15C00D265FB /* TweetCellPresenter.swift */ = {isa = PBXFileReference; lastKnownFileType = sourcecode.swift; path = TweetCellPresenter.swift; sourceTree = "<group>"; };
		197DD3E322FF2EAD004EA607 /* TwitterClone.app */ = {isa = PBXFileReference; explicitFileType = wrapper.application; includeInIndex = 0; path = TwitterClone.app; sourceTree = BUILT_PRODUCTS_DIR; };
		197DD3E622FF2EAD004EA607 /* AppDelegate.swift */ = {isa = PBXFileReference; lastKnownFileType = sourcecode.swift; path = AppDelegate.swift; sourceTree = "<group>"; };
		197DD3ED22FF2EAF004EA607 /* Assets.xcassets */ = {isa = PBXFileReference; lastKnownFileType = folder.assetcatalog; path = Assets.xcassets; sourceTree = "<group>"; };
		197DD3F022FF2EAF004EA607 /* Base */ = {isa = PBXFileReference; lastKnownFileType = file.storyboard; name = Base; path = Base.lproj/LaunchScreen.storyboard; sourceTree = "<group>"; };
		197DD3F222FF2EAF004EA607 /* Info.plist */ = {isa = PBXFileReference; lastKnownFileType = text.plist.xml; path = Info.plist; sourceTree = "<group>"; };
		197DD3FA22FF2F18004EA607 /* README.md */ = {isa = PBXFileReference; fileEncoding = 4; lastKnownFileType = net.daringfireball.markdown; name = README.md; path = "../../../../../../../../../Users/yossabourne/dev/projects/ios-projects/TwitterClone/README.md"; sourceTree = "<group>"; };
		197DD3FC22FF305C004EA607 /* MainViewController.swift */ = {isa = PBXFileReference; lastKnownFileType = sourcecode.swift; path = MainViewController.swift; sourceTree = "<group>"; };
		197DD3FE22FF3495004EA607 /* HomeViewController.swift */ = {isa = PBXFileReference; lastKnownFileType = sourcecode.swift; path = HomeViewController.swift; sourceTree = "<group>"; };
		197DD40022FF34FB004EA607 /* tweets.json */ = {isa = PBXFileReference; lastKnownFileType = text.json; path = tweets.json; sourceTree = "<group>"; };
/* End PBXFileReference section */

/* Begin PBXFrameworksBuildPhase section */
		193974C822FFF92600F3A04D /* Frameworks */ = {
			isa = PBXFrameworksBuildPhase;
			buildActionMask = 2147483647;
			files = (
			);
			runOnlyForDeploymentPostprocessing = 0;
		};
		193974D622FFF92E00F3A04D /* Frameworks */ = {
			isa = PBXFrameworksBuildPhase;
			buildActionMask = 2147483647;
			files = (
			);
			runOnlyForDeploymentPostprocessing = 0;
		};
		197DD3E022FF2EAD004EA607 /* Frameworks */ = {
			isa = PBXFrameworksBuildPhase;
			buildActionMask = 2147483647;
			files = (
			);
			runOnlyForDeploymentPostprocessing = 0;
		};
/* End PBXFrameworksBuildPhase section */

/* Begin PBXGroup section */
		193974CC22FFF92600F3A04D /* TwitterCloneTests */ = {
			isa = PBXGroup;
			children = (
				193974CD22FFF92600F3A04D /* TwitterCloneTests.swift */,
				193974CF22FFF92600F3A04D /* Info.plist */,
			);
			path = TwitterCloneTests;
			sourceTree = "<group>";
		};
		193974DA22FFF92E00F3A04D /* TwitterCloneUITests */ = {
			isa = PBXGroup;
			children = (
				193974DB22FFF92E00F3A04D /* TwitterCloneUITests.swift */,
				193974DD22FFF92E00F3A04D /* Info.plist */,
			);
			path = TwitterCloneUITests;
			sourceTree = "<group>";
		};
		193E54C623085678001CCB53 /* Main */ = {
			isa = PBXGroup;
			children = (
				197DD3FC22FF305C004EA607 /* MainViewController.swift */,
			);
			path = Main;
			sourceTree = "<group>";
		};
		1949E41C2307F1B5004D73DD /* Models */ = {
			isa = PBXGroup;
			children = (
				1949E41D2307F1BE004D73DD /* Tweet.swift */,
			);
			path = Models;
			sourceTree = "<group>";
		};
		1949E4202307F20D004D73DD /* Extensions */ = {
			isa = PBXGroup;
			children = (
				1949E4212307F215004D73DD /* UIColor+rgb.swift */,
			);
			path = Extensions;
			sourceTree = "<group>";
		};
		1949E4232307F2DB004D73DD /* Menu */ = {
			isa = PBXGroup;
			children = (
				1949E4242307F2EA004D73DD /* MenuViewController.swift */,
			);
			path = Menu;
			sourceTree = "<group>";
		};
		1961B2322307F14A00D265FB /* Scenes */ = {
			isa = PBXGroup;
			children = (
				193E54C623085678001CCB53 /* Main */,
				1949E4232307F2DB004D73DD /* Menu */,
				1961B2332307F15300D265FB /* Home */,
			);
			path = Scenes;
			sourceTree = "<group>";
		};
		1961B2332307F15300D265FB /* Home */ = {
			isa = PBXGroup;
			children = (
				197DD3FE22FF3495004EA607 /* HomeViewController.swift */,
				1961B2342307F15A00D265FB /* TweetCell.swift */,
				1961B2362307F15C00D265FB /* TweetCellPresenter.swift */,
			);
			path = Home;
			sourceTree = "<group>";
		};
		197DD3DA22FF2EAD004EA607 = {
			isa = PBXGroup;
			children = (
				197DD3FA22FF2F18004EA607 /* README.md */,
				197DD3E522FF2EAD004EA607 /* TwitterClone */,
				193974CC22FFF92600F3A04D /* TwitterCloneTests */,
				193974DA22FFF92E00F3A04D /* TwitterCloneUITests */,
				197DD3E422FF2EAD004EA607 /* Products */,
			);
			sourceTree = "<group>";
		};
		197DD3E422FF2EAD004EA607 /* Products */ = {
			isa = PBXGroup;
			children = (
				197DD3E322FF2EAD004EA607 /* TwitterClone.app */,
				193974CB22FFF92600F3A04D /* TwitterCloneTests.xctest */,
				193974D922FFF92E00F3A04D /* TwitterCloneUITests.xctest */,
			);
			name = Products;
			sourceTree = "<group>";
		};
		197DD3E522FF2EAD004EA607 /* TwitterClone */ = {
			isa = PBXGroup;
			children = (
				197DD3E622FF2EAD004EA607 /* AppDelegate.swift */,
				197DD3ED22FF2EAF004EA607 /* Assets.xcassets */,
				197DD3EF22FF2EAF004EA607 /* LaunchScreen.storyboard */,
				197DD3F222FF2EAF004EA607 /* Info.plist */,
				197DD40022FF34FB004EA607 /* tweets.json */,
				1949E41C2307F1B5004D73DD /* Models */,
				1961B2322307F14A00D265FB /* Scenes */,
				1949E4202307F20D004D73DD /* Extensions */,
			);
			path = TwitterClone;
			sourceTree = "<group>";
		};
/* End PBXGroup section */

/* Begin PBXNativeTarget section */
		193974CA22FFF92600F3A04D /* TwitterCloneTests */ = {
			isa = PBXNativeTarget;
			buildConfigurationList = 193974D422FFF92600F3A04D /* Build configuration list for PBXNativeTarget "TwitterCloneTests" */;
			buildPhases = (
				193974C722FFF92600F3A04D /* Sources */,
				193974C822FFF92600F3A04D /* Frameworks */,
				193974C922FFF92600F3A04D /* Resources */,
			);
			buildRules = (
			);
			dependencies = (
				193974D122FFF92600F3A04D /* PBXTargetDependency */,
			);
			name = TwitterCloneTests;
			productName = TwitterCloneTests;
			productReference = 193974CB22FFF92600F3A04D /* TwitterCloneTests.xctest */;
			productType = "com.apple.product-type.bundle.unit-test";
		};
		193974D822FFF92E00F3A04D /* TwitterCloneUITests */ = {
			isa = PBXNativeTarget;
			buildConfigurationList = 193974E022FFF92E00F3A04D /* Build configuration list for PBXNativeTarget "TwitterCloneUITests" */;
			buildPhases = (
				193974D522FFF92E00F3A04D /* Sources */,
				193974D622FFF92E00F3A04D /* Frameworks */,
				193974D722FFF92E00F3A04D /* Resources */,
			);
			buildRules = (
			);
			dependencies = (
				193974DF22FFF92E00F3A04D /* PBXTargetDependency */,
			);
			name = TwitterCloneUITests;
			productName = TwitterCloneUITests;
			productReference = 193974D922FFF92E00F3A04D /* TwitterCloneUITests.xctest */;
			productType = "com.apple.product-type.bundle.ui-testing";
		};
		197DD3E222FF2EAD004EA607 /* TwitterClone */ = {
			isa = PBXNativeTarget;
			buildConfigurationList = 197DD3F522FF2EAF004EA607 /* Build configuration list for PBXNativeTarget "TwitterClone" */;
			buildPhases = (
				197DD3DF22FF2EAD004EA607 /* Sources */,
				197DD3E022FF2EAD004EA607 /* Frameworks */,
				197DD3E122FF2EAD004EA607 /* Resources */,
			);
			buildRules = (
			);
			dependencies = (
			);
			name = TwitterClone;
			productName = TwitterClone;
			productReference = 197DD3E322FF2EAD004EA607 /* TwitterClone.app */;
			productType = "com.apple.product-type.application";
		};
/* End PBXNativeTarget section */

/* Begin PBXProject section */
		197DD3DB22FF2EAD004EA607 /* Project object */ = {
			isa = PBXProject;
			attributes = {
				LastSwiftUpdateCheck = 1030;
				LastUpgradeCheck = 1030;
				ORGANIZATIONNAME = "Yossa Bourne";
				TargetAttributes = {
					193974CA22FFF92600F3A04D = {
						CreatedOnToolsVersion = 10.3;
						TestTargetID = 197DD3E222FF2EAD004EA607;
					};
					193974D822FFF92E00F3A04D = {
						CreatedOnToolsVersion = 10.3;
						TestTargetID = 197DD3E222FF2EAD004EA607;
					};
					197DD3E222FF2EAD004EA607 = {
						CreatedOnToolsVersion = 10.3;
					};
				};
			};
			buildConfigurationList = 197DD3DE22FF2EAD004EA607 /* Build configuration list for PBXProject "TwitterClone" */;
			compatibilityVersion = "Xcode 9.3";
			developmentRegion = en;
			hasScannedForEncodings = 0;
			knownRegions = (
				en,
				Base,
			);
			mainGroup = 197DD3DA22FF2EAD004EA607;
			productRefGroup = 197DD3E422FF2EAD004EA607 /* Products */;
			projectDirPath = "";
			projectRoot = "";
			targets = (
				197DD3E222FF2EAD004EA607 /* TwitterClone */,
				193974CA22FFF92600F3A04D /* TwitterCloneTests */,
				193974D822FFF92E00F3A04D /* TwitterCloneUITests */,
			);
		};
/* End PBXProject section */

/* Begin PBXResourcesBuildPhase section */
		193974C922FFF92600F3A04D /* Resources */ = {
			isa = PBXResourcesBuildPhase;
			buildActionMask = 2147483647;
			files = (
			);
			runOnlyForDeploymentPostprocessing = 0;
		};
		193974D722FFF92E00F3A04D /* Resources */ = {
			isa = PBXResourcesBuildPhase;
			buildActionMask = 2147483647;
			files = (
			);
			runOnlyForDeploymentPostprocessing = 0;
		};
		197DD3E122FF2EAD004EA607 /* Resources */ = {
			isa = PBXResourcesBuildPhase;
			buildActionMask = 2147483647;
			files = (
				197DD3F122FF2EAF004EA607 /* LaunchScreen.storyboard in Resources */,
				197DD3EE22FF2EAF004EA607 /* Assets.xcassets in Resources */,
				197DD3FB22FF2F18004EA607 /* README.md in Resources */,
				197DD40122FF34FB004EA607 /* tweets.json in Resources */,
			);
			runOnlyForDeploymentPostprocessing = 0;
		};
/* End PBXResourcesBuildPhase section */

/* Begin PBXSourcesBuildPhase section */
		193974C722FFF92600F3A04D /* Sources */ = {
			isa = PBXSourcesBuildPhase;
			buildActionMask = 2147483647;
			files = (
				193974CE22FFF92600F3A04D /* TwitterCloneTests.swift in Sources */,
			);
			runOnlyForDeploymentPostprocessing = 0;
		};
		193974D522FFF92E00F3A04D /* Sources */ = {
			isa = PBXSourcesBuildPhase;
			buildActionMask = 2147483647;
			files = (
				193974DC22FFF92E00F3A04D /* TwitterCloneUITests.swift in Sources */,
			);
			runOnlyForDeploymentPostprocessing = 0;
		};
		197DD3DF22FF2EAD004EA607 /* Sources */ = {
			isa = PBXSourcesBuildPhase;
			buildActionMask = 2147483647;
			files = (
				197DD3FD22FF305C004EA607 /* MainViewController.swift in Sources */,
				1949E4222307F21B004D73DD /* UIColor+rgb.swift in Sources */,
				197DD3E722FF2EAD004EA607 /* AppDelegate.swift in Sources */,
				1961B2352307F15A00D265FB /* TweetCell.swift in Sources */,
				1949E41E2307F1CA004D73DD /* Tweet.swift in Sources */,
				197DD3FF22FF3495004EA607 /* HomeViewController.swift in Sources */,
				1961B2372307F15C00D265FB /* TweetCellPresenter.swift in Sources */,
				1949E4252307F2EA004D73DD /* MenuViewController.swift in Sources */,
			);
			runOnlyForDeploymentPostprocessing = 0;
		};
/* End PBXSourcesBuildPhase section */

/* Begin PBXTargetDependency section */
		193974D122FFF92600F3A04D /* PBXTargetDependency */ = {
			isa = PBXTargetDependency;
			target = 197DD3E222FF2EAD004EA607 /* TwitterClone */;
			targetProxy = 193974D022FFF92600F3A04D /* PBXContainerItemProxy */;
		};
		193974DF22FFF92E00F3A04D /* PBXTargetDependency */ = {
			isa = PBXTargetDependency;
			target = 197DD3E222FF2EAD004EA607 /* TwitterClone */;
			targetProxy = 193974DE22FFF92E00F3A04D /* PBXContainerItemProxy */;
		};
/* End PBXTargetDependency section */

/* Begin PBXVariantGroup section */
		197DD3EF22FF2EAF004EA607 /* LaunchScreen.storyboard */ = {
			isa = PBXVariantGroup;
			children = (
				197DD3F022FF2EAF004EA607 /* Base */,
			);
			name = LaunchScreen.storyboard;
			sourceTree = "<group>";
		};
/* End PBXVariantGroup section */

/* Begin XCBuildConfiguration section */
		193974D222FFF92600F3A04D /* Debug */ = {
			isa = XCBuildConfiguration;
			buildSettings = {
				BUNDLE_LOADER = "$(TEST_HOST)";
				CODE_SIGN_STYLE = Automatic;
				INFOPLIST_FILE = TwitterCloneTests/Info.plist;
				LD_RUNPATH_SEARCH_PATHS = (
					"$(inherited)",
					"@executable_path/Frameworks",
					"@loader_path/Frameworks",
				);
				PRODUCT_BUNDLE_IDENTIFIER = dev.yossa.TwitterCloneTests;
				PRODUCT_NAME = "$(TARGET_NAME)";
				SWIFT_VERSION = 5.0;
				TARGETED_DEVICE_FAMILY = "1,2";
				TEST_HOST = "$(BUILT_PRODUCTS_DIR)/TwitterClone.app/TwitterClone";
			};
			name = Debug;
		};
		193974D322FFF92600F3A04D /* Release */ = {
			isa = XCBuildConfiguration;
			buildSettings = {
				BUNDLE_LOADER = "$(TEST_HOST)";
				CODE_SIGN_STYLE = Automatic;
				INFOPLIST_FILE = TwitterCloneTests/Info.plist;
				LD_RUNPATH_SEARCH_PATHS = (
					"$(inherited)",
					"@executable_path/Frameworks",
					"@loader_path/Frameworks",
				);
				PRODUCT_BUNDLE_IDENTIFIER = dev.yossa.TwitterCloneTests;
				PRODUCT_NAME = "$(TARGET_NAME)";
				SWIFT_VERSION = 5.0;
				TARGETED_DEVICE_FAMILY = "1,2";
				TEST_HOST = "$(BUILT_PRODUCTS_DIR)/TwitterClone.app/TwitterClone";
			};
			name = Release;
		};
		193974E122FFF92E00F3A04D /* Debug */ = {
			isa = XCBuildConfiguration;
			buildSettings = {
				CODE_SIGN_STYLE = Automatic;
				INFOPLIST_FILE = TwitterCloneUITests/Info.plist;
				LD_RUNPATH_SEARCH_PATHS = (
					"$(inherited)",
					"@executable_path/Frameworks",
					"@loader_path/Frameworks",
				);
				PRODUCT_BUNDLE_IDENTIFIER = dev.yossa.TwitterCloneUITests;
				PRODUCT_NAME = "$(TARGET_NAME)";
				SWIFT_VERSION = 5.0;
				TARGETED_DEVICE_FAMILY = "1,2";
				TEST_TARGET_NAME = TwitterClone;
			};
			name = Debug;
		};
		193974E222FFF92E00F3A04D /* Release */ = {
			isa = XCBuildConfiguration;
			buildSettings = {
				CODE_SIGN_STYLE = Automatic;
				INFOPLIST_FILE = TwitterCloneUITests/Info.plist;
				LD_RUNPATH_SEARCH_PATHS = (
					"$(inherited)",
					"@executable_path/Frameworks",
					"@loader_path/Frameworks",
				);
				PRODUCT_BUNDLE_IDENTIFIER = dev.yossa.TwitterCloneUITests;
				PRODUCT_NAME = "$(TARGET_NAME)";
				SWIFT_VERSION = 5.0;
				TARGETED_DEVICE_FAMILY = "1,2";
				TEST_TARGET_NAME = TwitterClone;
			};
			name = Release;
		};
		197DD3F322FF2EAF004EA607 /* Debug */ = {
			isa = XCBuildConfiguration;
			buildSettings = {
				ALWAYS_SEARCH_USER_PATHS = NO;
				CLANG_ANALYZER_NONNULL = YES;
				CLANG_ANALYZER_NUMBER_OBJECT_CONVERSION = YES_AGGRESSIVE;
				CLANG_CXX_LANGUAGE_STANDARD = "gnu++14";
				CLANG_CXX_LIBRARY = "libc++";
				CLANG_ENABLE_MODULES = YES;
				CLANG_ENABLE_OBJC_ARC = YES;
				CLANG_ENABLE_OBJC_WEAK = YES;
				CLANG_WARN_BLOCK_CAPTURE_AUTORELEASING = YES;
				CLANG_WARN_BOOL_CONVERSION = YES;
				CLANG_WARN_COMMA = YES;
				CLANG_WARN_CONSTANT_CONVERSION = YES;
				CLANG_WARN_DEPRECATED_OBJC_IMPLEMENTATIONS = YES;
				CLANG_WARN_DIRECT_OBJC_ISA_USAGE = YES_ERROR;
				CLANG_WARN_DOCUMENTATION_COMMENTS = YES;
				CLANG_WARN_EMPTY_BODY = YES;
				CLANG_WARN_ENUM_CONVERSION = YES;
				CLANG_WARN_INFINITE_RECURSION = YES;
				CLANG_WARN_INT_CONVERSION = YES;
				CLANG_WARN_NON_LITERAL_NULL_CONVERSION = YES;
				CLANG_WARN_OBJC_IMPLICIT_RETAIN_SELF = YES;
				CLANG_WARN_OBJC_LITERAL_CONVERSION = YES;
				CLANG_WARN_OBJC_ROOT_CLASS = YES_ERROR;
				CLANG_WARN_RANGE_LOOP_ANALYSIS = YES;
				CLANG_WARN_STRICT_PROTOTYPES = YES;
				CLANG_WARN_SUSPICIOUS_MOVE = YES;
				CLANG_WARN_UNGUARDED_AVAILABILITY = YES_AGGRESSIVE;
				CLANG_WARN_UNREACHABLE_CODE = YES;
				CLANG_WARN__DUPLICATE_METHOD_MATCH = YES;
				CODE_SIGN_IDENTITY = "iPhone Developer";
				COPY_PHASE_STRIP = NO;
				DEBUG_INFORMATION_FORMAT = dwarf;
				ENABLE_STRICT_OBJC_MSGSEND = YES;
				ENABLE_TESTABILITY = YES;
				GCC_C_LANGUAGE_STANDARD = gnu11;
				GCC_DYNAMIC_NO_PIC = NO;
				GCC_NO_COMMON_BLOCKS = YES;
				GCC_OPTIMIZATION_LEVEL = 0;
				GCC_PREPROCESSOR_DEFINITIONS = (
					"DEBUG=1",
					"$(inherited)",
				);
				GCC_WARN_64_TO_32_BIT_CONVERSION = YES;
				GCC_WARN_ABOUT_RETURN_TYPE = YES_ERROR;
				GCC_WARN_UNDECLARED_SELECTOR = YES;
				GCC_WARN_UNINITIALIZED_AUTOS = YES_AGGRESSIVE;
				GCC_WARN_UNUSED_FUNCTION = YES;
				GCC_WARN_UNUSED_VARIABLE = YES;
				IPHONEOS_DEPLOYMENT_TARGET = 12.4;
				MTL_ENABLE_DEBUG_INFO = INCLUDE_SOURCE;
				MTL_FAST_MATH = YES;
				ONLY_ACTIVE_ARCH = YES;
				SDKROOT = iphoneos;
				SWIFT_ACTIVE_COMPILATION_CONDITIONS = DEBUG;
				SWIFT_OPTIMIZATION_LEVEL = "-Onone";
			};
			name = Debug;
		};
		197DD3F422FF2EAF004EA607 /* Release */ = {
			isa = XCBuildConfiguration;
			buildSettings = {
				ALWAYS_SEARCH_USER_PATHS = NO;
				CLANG_ANALYZER_NONNULL = YES;
				CLANG_ANALYZER_NUMBER_OBJECT_CONVERSION = YES_AGGRESSIVE;
				CLANG_CXX_LANGUAGE_STANDARD = "gnu++14";
				CLANG_CXX_LIBRARY = "libc++";
				CLANG_ENABLE_MODULES = YES;
				CLANG_ENABLE_OBJC_ARC = YES;
				CLANG_ENABLE_OBJC_WEAK = YES;
				CLANG_WARN_BLOCK_CAPTURE_AUTORELEASING = YES;
				CLANG_WARN_BOOL_CONVERSION = YES;
				CLANG_WARN_COMMA = YES;
				CLANG_WARN_CONSTANT_CONVERSION = YES;
				CLANG_WARN_DEPRECATED_OBJC_IMPLEMENTATIONS = YES;
				CLANG_WARN_DIRECT_OBJC_ISA_USAGE = YES_ERROR;
				CLANG_WARN_DOCUMENTATION_COMMENTS = YES;
				CLANG_WARN_EMPTY_BODY = YES;
				CLANG_WARN_ENUM_CONVERSION = YES;
				CLANG_WARN_INFINITE_RECURSION = YES;
				CLANG_WARN_INT_CONVERSION = YES;
				CLANG_WARN_NON_LITERAL_NULL_CONVERSION = YES;
				CLANG_WARN_OBJC_IMPLICIT_RETAIN_SELF = YES;
				CLANG_WARN_OBJC_LITERAL_CONVERSION = YES;
				CLANG_WARN_OBJC_ROOT_CLASS = YES_ERROR;
				CLANG_WARN_RANGE_LOOP_ANALYSIS = YES;
				CLANG_WARN_STRICT_PROTOTYPES = YES;
				CLANG_WARN_SUSPICIOUS_MOVE = YES;
				CLANG_WARN_UNGUARDED_AVAILABILITY = YES_AGGRESSIVE;
				CLANG_WARN_UNREACHABLE_CODE = YES;
				CLANG_WARN__DUPLICATE_METHOD_MATCH = YES;
				CODE_SIGN_IDENTITY = "iPhone Developer";
				COPY_PHASE_STRIP = NO;
				DEBUG_INFORMATION_FORMAT = "dwarf-with-dsym";
				ENABLE_NS_ASSERTIONS = NO;
				ENABLE_STRICT_OBJC_MSGSEND = YES;
				GCC_C_LANGUAGE_STANDARD = gnu11;
				GCC_NO_COMMON_BLOCKS = YES;
				GCC_WARN_64_TO_32_BIT_CONVERSION = YES;
				GCC_WARN_ABOUT_RETURN_TYPE = YES_ERROR;
				GCC_WARN_UNDECLARED_SELECTOR = YES;
				GCC_WARN_UNINITIALIZED_AUTOS = YES_AGGRESSIVE;
				GCC_WARN_UNUSED_FUNCTION = YES;
				GCC_WARN_UNUSED_VARIABLE = YES;
				IPHONEOS_DEPLOYMENT_TARGET = 12.4;
				MTL_ENABLE_DEBUG_INFO = NO;
				MTL_FAST_MATH = YES;
				SDKROOT = iphoneos;
				SWIFT_COMPILATION_MODE = wholemodule;
				SWIFT_OPTIMIZATION_LEVEL = "-O";
				VALIDATE_PRODUCT = YES;
			};
			name = Release;
		};
		197DD3F622FF2EAF004EA607 /* Debug */ = {
			isa = XCBuildConfiguration;
			buildSettings = {
				ASSETCATALOG_COMPILER_APPICON_NAME = AppIcon;
				CODE_SIGN_STYLE = Automatic;
				INFOPLIST_FILE = TwitterClone/Info.plist;
				LD_RUNPATH_SEARCH_PATHS = (
					"$(inherited)",
					"@executable_path/Frameworks",
				);
				PRODUCT_BUNDLE_IDENTIFIER = dev.yossa.TwitterClone;
				PRODUCT_NAME = "$(TARGET_NAME)";
				SWIFT_VERSION = 5.0;
				TARGETED_DEVICE_FAMILY = "1,2";
			};
			name = Debug;
		};
		197DD3F722FF2EAF004EA607 /* Release */ = {
			isa = XCBuildConfiguration;
			buildSettings = {
				ASSETCATALOG_COMPILER_APPICON_NAME = AppIcon;
				CODE_SIGN_STYLE = Automatic;
				INFOPLIST_FILE = TwitterClone/Info.plist;
				LD_RUNPATH_SEARCH_PATHS = (
					"$(inherited)",
					"@executable_path/Frameworks",
				);
				PRODUCT_BUNDLE_IDENTIFIER = dev.yossa.TwitterClone;
				PRODUCT_NAME = "$(TARGET_NAME)";
				SWIFT_VERSION = 5.0;
				TARGETED_DEVICE_FAMILY = "1,2";
			};
			name = Release;
		};
/* End XCBuildConfiguration section */

/* Begin XCConfigurationList section */
		193974D422FFF92600F3A04D /* Build configuration list for PBXNativeTarget "TwitterCloneTests" */ = {
			isa = XCConfigurationList;
			buildConfigurations = (
				193974D222FFF92600F3A04D /* Debug */,
				193974D322FFF92600F3A04D /* Release */,
			);
			defaultConfigurationIsVisible = 0;
			defaultConfigurationName = Release;
		};
		193974E022FFF92E00F3A04D /* Build configuration list for PBXNativeTarget "TwitterCloneUITests" */ = {
			isa = XCConfigurationList;
			buildConfigurations = (
				193974E122FFF92E00F3A04D /* Debug */,
				193974E222FFF92E00F3A04D /* Release */,
			);
			defaultConfigurationIsVisible = 0;
			defaultConfigurationName = Release;
		};
		197DD3DE22FF2EAD004EA607 /* Build configuration list for PBXProject "TwitterClone" */ = {
			isa = XCConfigurationList;
			buildConfigurations = (
				197DD3F322FF2EAF004EA607 /* Debug */,
				197DD3F422FF2EAF004EA607 /* Release */,
			);
			defaultConfigurationIsVisible = 0;
			defaultConfigurationName = Release;
		};
		197DD3F522FF2EAF004EA607 /* Build configuration list for PBXNativeTarget "TwitterClone" */ = {
			isa = XCConfigurationList;
			buildConfigurations = (
				197DD3F622FF2EAF004EA607 /* Debug */,
				197DD3F722FF2EAF004EA607 /* Release */,
			);
			defaultConfigurationIsVisible = 0;
			defaultConfigurationName = Release;
		};
/* End XCConfigurationList section */
	};
	rootObject = 197DD3DB22FF2EAD004EA607 /* Project object */;
}
